
Microsoft Visual Studio Solution File, Format Version 12.00
# Visual Studio Version 16
VisualStudioVersion = 16.0.31229.75
MinimumVisualStudioVersion = 10.0.40219.1
Project("{8BC9CEB8-8B4A-11D0-8D11-00A0C91BC942}") = "重载赋值运算符", "重载赋值运算符\重载赋值运算符.vcxproj", "{9D2D9205-8977-4578-A491-B363623F0D35}"
EndProject
Project("{8BC9CEB8-8B4A-11D0-8D11-00A0C91BC942}") = "重载下标运算符", "重载下标运算符\重载下标运算符.vcxproj", "{107FC754-E207-4137-8F4B-100C745CE374}"
EndProject
Project("{8BC9CEB8-8B4A-11D0-8D11-00A0C91BC942}") = "重载运算符()", "重载运算符()\重载运算符().vcxproj", "{A447BDE7-F16C-48D4-A36C-A1FA695FE9FF}"
EndProject
Project("{8BC9CEB8-8B4A-11D0-8D11-00A0C91BC942}") = "重载二元运算符", "重载二元运算符\重载二元运算符.vcxproj", "{F175127C-B808-4570-B870-B3B448A7A407}"
EndProject
Project("{8BC9CEB8-8B4A-11D0-8D11-00A0C91BC942}") = "重载类型转换‘", "重载类型转换‘\重载类型转换‘.vcxproj", "{EAFF8E50-2204-4CFB-98DD-FFAD6781DD22}"
EndProject
Project("{8BC9CEB8-8B4A-11D0-8D11-00A0C91BC942}") = "重载类型转换二", "重载类型转换二\重载类型转换二.vcxproj", "{F5E48C6C-06CE-4A15-9360-4B7AAC91758D}"
EndProject
Project("{8BC9CEB8-8B4A-11D0-8D11-00A0C91BC942}") = "游戏保护", "游戏保护\游戏保护.vcxproj", "{F2CC6518-9F33-4A11-A83E-F724F0D3E1DB}"
EndProject
Global
	GlobalSection(SolutionConfigurationPlatforms) = preSolution
		Debug|x64 = Debug|x64
		Debug|x86 = Debug|x86
		Release|x64 = Release|x64
		Release|x86 = Release|x86
	EndGlobalSection
	GlobalSection(ProjectConfigurationPlatforms) = postSolution
		{9D2D9205-8977-4578-A491-B363623F0D35}.Debug|x64.ActiveCfg = Debug|x64
		{9D2D9205-8977-4578-A491-B363623F0D35}.Debug|x64.Build.0 = Debug|x64
		{9D2D9205-8977-4578-A491-B363623F0D35}.Debug|x86.ActiveCfg = Debug|Win32
		{9D2D9205-8977-4578-A491-B363623F0D35}.Debug|x86.Build.0 = Debug|Win32
		{9D2D9205-8977-4578-A491-B363623F0D35}.Release|x64.ActiveCfg = Release|x64
		{9D2D9205-8977-4578-A491-B363623F0D35}.Release|x64.Build.0 = Release|x64
		{9D2D9205-8977-4578-A491-B363623F0D35}.Release|x86.ActiveCfg = Release|Win32
		{9D2D9205-8977-4578-A491-B363623F0D35}.Release|x86.Build.0 = Release|Win32
		{107FC754-E207-4137-8F4B-100C745CE374}.Debug|x64.ActiveCfg = Debug|x64
		{107FC754-E207-4137-8F4B-100C745CE374}.Debug|x64.Build.0 = Debug|x64
		{107FC754-E207-4137-8F4B-100C745CE374}.Debug|x86.ActiveCfg = Debug|Win32
		{107FC754-E207-4137-8F4B-100C745CE374}.Debug|x86.Build.0 = Debug|Win32
		{107FC754-E207-4137-8F4B-100C745CE374}.Release|x64.ActiveCfg = Release|x64
		{107FC754-E207-4137-8F4B-100C745CE374}.Release|x64.Build.0 = Release|x64
		{107FC754-E207-4137-8F4B-100C745CE374}.Release|x86.ActiveCfg = Release|Win32
		{107FC754-E207-4137-8F4B-100C745CE374}.Release|x86.Build.0 = Release|Win32
		{A447BDE7-F16C-48D4-A36C-A1FA695FE9FF}.Debug|x64.ActiveCfg = Debug|x64
		{A447BDE7-F16C-48D4-A36C-A1FA695FE9FF}.Debug|x64.Build.0 = Debug|x64
		{A447BDE7-F16C-48D4-A36C-A1FA695FE9FF}.Debug|x86.ActiveCfg = Debug|Win32
		{A447BDE7-F16C-48D4-A36C-A1FA695FE9FF}.Debug|x86.Build.0 = Debug|Win32
		{A447BDE7-F16C-48D4-A36C-A1FA695FE9FF}.Release|x64.ActiveCfg = Release|x64
		{A447BDE7-F16C-48D4-A36C-A1FA695FE9FF}.Release|x64.Build.0 = Release|x64
		{A447BDE7-F16C-48D4-A36C-A1FA695FE9FF}.Release|x86.ActiveCfg = Release|Win32
		{A447BDE7-F16C-48D4-A36C-A1FA695FE9FF}.Release|x86.Build.0 = Release|Win32
		{F175127C-B808-4570-B870-B3B448A7A407}.Debug|x64.ActiveCfg = Debug|x64
		{F175127C-B808-4570-B870-B3B448A7A407}.Debug|x64.Build.0 = Debug|x64
		{F175127C-B808-4570-B870-B3B448A7A407}.Debug|x86.ActiveCfg = Debug|Win32
		{F175127C-B808-4570-B870-B3B448A7A407}.Debug|x86.Build.0 = Debug|Win32
		{F175127C-B808-4570-B870-B3B448A7A407}.Release|x64.ActiveCfg = Release|x64
		{F175127C-B808-4570-B870-B3B448A7A407}.Release|x64.Build.0 = Release|x64
		{F175127C-B808-4570-B870-B3B448A7A407}.Release|x86.ActiveCfg = Release|Win32
		{F175127C-B808-4570-B870-B3B448A7A407}.Release|x86.Build.0 = Release|Win32
		{EAFF8E50-2204-4CFB-98DD-FFAD6781DD22}.Debug|x64.ActiveCfg = Debug|x64
		{EAFF8E50-2204-4CFB-98DD-FFAD6781DD22}.Debug|x64.Build.0 = Debug|x64
		{EAFF8E50-2204-4CFB-98DD-FFAD6781DD22}.Debug|x86.ActiveCfg = Debug|Win32
		{EAFF8E50-2204-4CFB-98DD-FFAD6781DD22}.Debug|x86.Build.0 = Debug|Win32
		{EAFF8E50-2204-4CFB-98DD-FFAD6781DD22}.Release|x64.ActiveCfg = Release|x64
		{EAFF8E50-2204-4CFB-98DD-FFAD6781DD22}.Release|x64.Build.0 = Release|x64
		{EAFF8E50-2204-4CFB-98DD-FFAD6781DD22}.Release|x86.ActiveCfg = Release|Win32
		{EAFF8E50-2204-4CFB-98DD-FFAD6781DD22}.Release|x86.Build.0 = Release|Win32
		{F5E48C6C-06CE-4A15-9360-4B7AAC91758D}.Debug|x64.ActiveCfg = Debug|x64
		{F5E48C6C-06CE-4A15-9360-4B7AAC91758D}.Debug|x64.Build.0 = Debug|x64
		{F5E48C6C-06CE-4A15-9360-4B7AAC91758D}.Debug|x86.ActiveCfg = Debug|Win32
		{F5E48C6C-06CE-4A15-9360-4B7AAC91758D}.Debug|x86.Build.0 = Debug|Win32
		{F5E48C6C-06CE-4A15-9360-4B7AAC91758D}.Release|x64.ActiveCfg = Release|x64
		{F5E48C6C-06CE-4A15-9360-4B7AAC91758D}.Release|x64.Build.0 = Release|x64
		{F5E48C6C-06CE-4A15-9360-4B7AAC91758D}.Release|x86.ActiveCfg = Release|Win32
		{F5E48C6C-06CE-4A15-9360-4B7AAC91758D}.Release|x86.Build.0 = Release|Win32
		{F2CC6518-9F33-4A11-A83E-F724F0D3E1DB}.Debug|x64.ActiveCfg = Debug|x64
		{F2CC6518-9F33-4A11-A83E-F724F0D3E1DB}.Debug|x64.Build.0 = Debug|x64
		{F2CC6518-9F33-4A11-A83E-F724F0D3E1DB}.Debug|x86.ActiveCfg = Debug|Win32
		{F2CC6518-9F33-4A11-A83E-F724F0D3E1DB}.Debug|x86.Build.0 = Debug|Win32
		{F2CC6518-9F33-4A11-A83E-F724F0D3E1DB}.Release|x64.ActiveCfg = Release|x64
		{F2CC6518-9F33-4A11-A83E-F724F0D3E1DB}.Release|x64.Build.0 = Release|x64
		{F2CC6518-9F33-4A11-A83E-F724F0D3E1DB}.Release|x86.ActiveCfg = Release|Win32
		{F2CC6518-9F33-4A11-A83E-F724F0D3E1DB}.Release|x86.Build.0 = Release|Win32
	EndGlobalSection
	GlobalSection(SolutionProperties) = preSolution
		HideSolutionNode = FALSE
	EndGlobalSection
	GlobalSection(ExtensibilityGlobals) = postSolution
		SolutionGuid = {14EE0B52-A7BB-430D-AF72-0F32A3393742}
	EndGlobalSection
EndGlobal
